
Microsoft Visual Studio Solution File, Format Version 12.00
# Visual Studio Version 16
VisualStudioVersion = 16.0.30914.41
MinimumVisualStudioVersion = 10.0.40219.1
Project("{9A19103F-16F7-4668-BE54-9A1E7A4F7556}") = "Dimohysm", "src\Dimohysm.csproj", "{02C2918A-CED1-4863-8CE4-4C32DBFB4BF1}"
EndProject
Project("{9A19103F-16F7-4668-BE54-9A1E7A4F7556}") = "Dimohysm.Test", "test\Dimohysm.Test.csproj", "{177B38F5-C5BE-4F0E-AC4D-A2830FE42189}"
EndProject
Global
	GlobalSection(SolutionConfigurationPlatforms) = preSolution
		Debug|Any CPU = Debug|Any CPU
		Release|Any CPU = Release|Any CPU
	EndGlobalSection
	GlobalSection(ProjectConfigurationPlatforms) = postSolution
		{02C2918A-CED1-4863-8CE4-4C32DBFB4BF1}.Debug|Any CPU.ActiveCfg = Debug|Any CPU
		{02C2918A-CED1-4863-8CE4-4C32DBFB4BF1}.Debug|Any CPU.Build.0 = Debug|Any CPU
		{02C2918A-CED1-4863-8CE4-4C32DBFB4BF1}.Release|Any CPU.ActiveCfg = Release|Any CPU
		{02C2918A-CED1-4863-8CE4-4C32DBFB4BF1}.Release|Any CPU.Build.0 = Release|Any CPU
		{177B38F5-C5BE-4F0E-AC4D-A2830FE42189}.Debug|Any CPU.ActiveCfg = Debug|Any CPU
		{177B38F5-C5BE-4F0E-AC4D-A2830FE42189}.Debug|Any CPU.Build.0 = Debug|Any CPU
		{177B38F5-C5BE-4F0E-AC4D-A2830FE42189}.Release|Any CPU.ActiveCfg = Release|Any CPU
		{177B38F5-C5BE-4F0E-AC4D-A2830FE42189}.Release|Any CPU.Build.0 = Release|Any CPU
	EndGlobalSection
	GlobalSection(SolutionProperties) = preSolution
		HideSolutionNode = FALSE
	EndGlobalSection
	GlobalSection(ExtensibilityGlobals) = postSolution
		SolutionGuid = {6803BB39-1F59-4989-8DC7-66D38968ADAA}
	EndGlobalSection
EndGlobal
